
Microsoft Visual Studio Solution File, Format Version 12.00
# Visual Studio Version 16
VisualStudioVersion = 16.0.31702.278
MinimumVisualStudioVersion = 10.0.40219.1
Project("{FAE04EC0-301F-11D3-BF4B-00C04F79EFBC}") = "Vavatech.Shop.WPFClient", "Vavatech.Shop.WPFClient\Vavatech.Shop.WPFClient.csproj", "{42EC6D6A-835C-4CBD-8421-6FB15F593CC2}"
EndProject
Project("{FAE04EC0-301F-11D3-BF4B-00C04F79EFBC}") = "Vavatech.Shop.Models", "Vavatech.Shop.Models\Vavatech.Shop.Models.csproj", "{6D66E276-2B6B-4FE9-912C-4E8EFBF7D11B}"
EndProject
Project("{FAE04EC0-301F-11D3-BF4B-00C04F79EFBC}") = "Vavatech.Shop.IServices", "Vavatech.Shop.IServices\Vavatech.Shop.IServices.csproj", "{3F3C94FA-F500-4626-980E-0DCE81AEA8C8}"
EndProject
Global
	GlobalSection(SolutionConfigurationPlatforms) = preSolution
		Debug|Any CPU = Debug|Any CPU
		Release|Any CPU = Release|Any CPU
	EndGlobalSection
	GlobalSection(ProjectConfigurationPlatforms) = postSolution
		{42EC6D6A-835C-4CBD-8421-6FB15F593CC2}.Debug|Any CPU.ActiveCfg = Debug|Any CPU
		{42EC6D6A-835C-4CBD-8421-6FB15F593CC2}.Debug|Any CPU.Build.0 = Debug|Any CPU
		{42EC6D6A-835C-4CBD-8421-6FB15F593CC2}.Release|Any CPU.ActiveCfg = Release|Any CPU
		{42EC6D6A-835C-4CBD-8421-6FB15F593CC2}.Release|Any CPU.Build.0 = Release|Any CPU
		{6D66E276-2B6B-4FE9-912C-4E8EFBF7D11B}.Debug|Any CPU.ActiveCfg = Debug|Any CPU
		{6D66E276-2B6B-4FE9-912C-4E8EFBF7D11B}.Debug|Any CPU.Build.0 = Debug|Any CPU
		{6D66E276-2B6B-4FE9-912C-4E8EFBF7D11B}.Release|Any CPU.ActiveCfg = Release|Any CPU
		{6D66E276-2B6B-4FE9-912C-4E8EFBF7D11B}.Release|Any CPU.Build.0 = Release|Any CPU
		{3F3C94FA-F500-4626-980E-0DCE81AEA8C8}.Debug|Any CPU.ActiveCfg = Debug|Any CPU
		{3F3C94FA-F500-4626-980E-0DCE81AEA8C8}.Debug|Any CPU.Build.0 = Debug|Any CPU
		{3F3C94FA-F500-4626-980E-0DCE81AEA8C8}.Release|Any CPU.ActiveCfg = Release|Any CPU
		{3F3C94FA-F500-4626-980E-0DCE81AEA8C8}.Release|Any CPU.Build.0 = Release|Any CPU
	EndGlobalSection
	GlobalSection(SolutionProperties) = preSolution
		HideSolutionNode = FALSE
	EndGlobalSection
	GlobalSection(ExtensibilityGlobals) = postSolution
		SolutionGuid = {1D2E4C52-D27B-45C7-A250-0F6BEAE04152}
	EndGlobalSection
EndGlobal
